// !$*UTF8*$!
{
	archiveVersion = 1;
	classes = {
	};
	objectVersion = 46;
	objects = {

/* Begin PBXBuildFile section */
		0308F974153CC17BC400638C /* Pods_HealthCare.framework in Frameworks */ = {isa = PBXBuildFile; fileRef = 951430F24416B1E0A9807946 /* Pods_HealthCare.framework */; };
		61285EAE1E6C00BE000B680B /* ExcercisViewController.swift in Sources */ = {isa = PBXBuildFile; fileRef = 61285EAC1E6C00BE000B680B /* ExcercisViewController.swift */; };
		61285EAF1E6C00BE000B680B /* ExcercisViewController.xib in Resources */ = {isa = PBXBuildFile; fileRef = 61285EAD1E6C00BE000B680B /* ExcercisViewController.xib */; };
		61285EC21E6C033C000B680B /* background.png in Resources */ = {isa = PBXBuildFile; fileRef = 61285EB01E6C033C000B680B /* background.png */; };
		61285EC31E6C033C000B680B /* btn_back.png in Resources */ = {isa = PBXBuildFile; fileRef = 61285EB11E6C033C000B680B /* btn_back.png */; };
		61285EC41E6C033C000B680B /* btn_fb.png in Resources */ = {isa = PBXBuildFile; fileRef = 61285EB21E6C033C000B680B /* btn_fb.png */; };
		61285EC51E6C033C000B680B /* btn_google.png in Resources */ = {isa = PBXBuildFile; fileRef = 61285EB31E6C033C000B680B /* btn_google.png */; };
		61285EC61E6C033C000B680B /* dinner_0.png in Resources */ = {isa = PBXBuildFile; fileRef = 61285EB41E6C033C000B680B /* dinner_0.png */; };
		61285EC71E6C033C000B680B /* dinner_1.png in Resources */ = {isa = PBXBuildFile; fileRef = 61285EB51E6C033C000B680B /* dinner_1.png */; };
		61285EC81E6C033C000B680B /* dinner_2.png in Resources */ = {isa = PBXBuildFile; fileRef = 61285EB61E6C033C000B680B /* dinner_2.png */; };
		61285EC91E6C033C000B680B /* eat_background.png in Resources */ = {isa = PBXBuildFile; fileRef = 61285EB71E6C033C000B680B /* eat_background.png */; };
		61285ECA1E6C033C000B680B /* logo.png in Resources */ = {isa = PBXBuildFile; fileRef = 61285EB91E6C033C000B680B /* logo.png */; };
		61285ECB1E6C033C000B680B /* lunch_0.png in Resources */ = {isa = PBXBuildFile; fileRef = 61285EBA1E6C033C000B680B /* lunch_0.png */; };
		61285ECC1E6C033C000B680B /* lunch_1.png in Resources */ = {isa = PBXBuildFile; fileRef = 61285EBB1E6C033C000B680B /* lunch_1.png */; };
		61285ECD1E6C033C000B680B /* lunch_2.png in Resources */ = {isa = PBXBuildFile; fileRef = 61285EBC1E6C033C000B680B /* lunch_2.png */; };
		61285ECE1E6C033C000B680B /* main_background.png in Resources */ = {isa = PBXBuildFile; fileRef = 61285EBD1E6C033C000B680B /* main_background.png */; };
		61285ECF1E6C033C000B680B /* menu_logo.png in Resources */ = {isa = PBXBuildFile; fileRef = 61285EBE1E6C033C000B680B /* menu_logo.png */; };
		61285ED01E6C033C000B680B /* menu_white.png in Resources */ = {isa = PBXBuildFile; fileRef = 61285EBF1E6C033C000B680B /* menu_white.png */; };
		61285ED11E6C033C000B680B /* menu.png in Resources */ = {isa = PBXBuildFile; fileRef = 61285EC01E6C033C000B680B /* menu.png */; };
		61285ED21E6C033C000B680B /* next.png in Resources */ = {isa = PBXBuildFile; fileRef = 61285EC11E6C033C000B680B /* next.png */; };
		61285ED61E6C052B000B680B /* ExcercisCell.swift in Sources */ = {isa = PBXBuildFile; fileRef = 61285ED41E6C052B000B680B /* ExcercisCell.swift */; };
		61285ED71E6C052B000B680B /* ExcercisCell.xib in Resources */ = {isa = PBXBuildFile; fileRef = 61285ED51E6C052B000B680B /* ExcercisCell.xib */; };
		619C52731E6C62F40002A42B /* MainViewController.swift in Sources */ = {isa = PBXBuildFile; fileRef = 619C52711E6C62F40002A42B /* MainViewController.swift */; };
		619C52741E6C62F40002A42B /* MainViewController.xib in Resources */ = {isa = PBXBuildFile; fileRef = 619C52721E6C62F40002A42B /* MainViewController.xib */; };
		619C52761E6C64800002A42B /* UIColorExtensions.swift in Sources */ = {isa = PBXBuildFile; fileRef = 619C52751E6C64800002A42B /* UIColorExtensions.swift */; };
		619C527A1E6C73260002A42B /* UTM-Neo-Sans-Intel.ttf in Resources */ = {isa = PBXBuildFile; fileRef = 619C52771E6C73260002A42B /* UTM-Neo-Sans-Intel.ttf */; };
		619C527B1E6C73260002A42B /* UTM-Neo-Sans-IntelBold_Italic.ttf in Resources */ = {isa = PBXBuildFile; fileRef = 619C52781E6C73260002A42B /* UTM-Neo-Sans-IntelBold_Italic.ttf */; };
		619C527C1E6C73260002A42B /* UTM-Neo-Sans-IntelBold.ttf in Resources */ = {isa = PBXBuildFile; fileRef = 619C52791E6C73260002A42B /* UTM-Neo-Sans-IntelBold.ttf */; };
		619C527F1E6C74DF0002A42B /* Constants.swift in Sources */ = {isa = PBXBuildFile; fileRef = 619C527E1E6C74DF0002A42B /* Constants.swift */; };
		619C52831E6C75680002A42B /* SliderTableViewCell.swift in Sources */ = {isa = PBXBuildFile; fileRef = 619C52811E6C75680002A42B /* SliderTableViewCell.swift */; };
		619C52841E6C75680002A42B /* SliderTableViewCell.xib in Resources */ = {isa = PBXBuildFile; fileRef = 619C52821E6C75680002A42B /* SliderTableViewCell.xib */; };
		A356ACBE1E686F8900716B68 /* BasedCollectionViewController.swift in Sources */ = {isa = PBXBuildFile; fileRef = A356ACBD1E686F8900716B68 /* BasedCollectionViewController.swift */; };
		A356ACC11E68704A00716B68 /* EatViewController.swift in Sources */ = {isa = PBXBuildFile; fileRef = A356ACC01E68704A00716B68 /* EatViewController.swift */; };
		A356ACD11E68A03200716B68 /* GoogleService-Info.plist in Resources */ = {isa = PBXBuildFile; fileRef = A356ACD01E68A03200716B68 /* GoogleService-Info.plist */; };
		A3C87F611E696C0A00141702 /* FoodViewController.swift in Sources */ = {isa = PBXBuildFile; fileRef = A3C87F601E696C0A00141702 /* FoodViewController.swift */; };
		A3EC763D1E679C29006FB57B /* AppDelegate.swift in Sources */ = {isa = PBXBuildFile; fileRef = A3EC763C1E679C29006FB57B /* AppDelegate.swift */; };
		A3EC76421E679C29006FB57B /* Main.storyboard in Resources */ = {isa = PBXBuildFile; fileRef = A3EC76401E679C29006FB57B /* Main.storyboard */; };
		A3EC76441E679C29006FB57B /* Assets.xcassets in Resources */ = {isa = PBXBuildFile; fileRef = A3EC76431E679C29006FB57B /* Assets.xcassets */; };
		A3EC76471E679C29006FB57B /* LaunchScreen.storyboard in Resources */ = {isa = PBXBuildFile; fileRef = A3EC76451E679C29006FB57B /* LaunchScreen.storyboard */; };
		A3EC76501E67A04A006FB57B /* BasedViewController.swift in Sources */ = {isa = PBXBuildFile; fileRef = A3EC764F1E67A04A006FB57B /* BasedViewController.swift */; };
		A3EC76521E67A1B5006FB57B /* BasedTableViewController.swift in Sources */ = {isa = PBXBuildFile; fileRef = A3EC76511E67A1B5006FB57B /* BasedTableViewController.swift */; };
		A3EC76581E67A455006FB57B /* ReminderViewController.swift in Sources */ = {isa = PBXBuildFile; fileRef = A3EC76571E67A455006FB57B /* ReminderViewController.swift */; };
		A3EC76631E67A86A006FB57B /* Dictionary.swift in Sources */ = {isa = PBXBuildFile; fileRef = A3EC765B1E67A86A006FB57B /* Dictionary.swift */; };
		A3EC76641E67A86A006FB57B /* NSDate.swift in Sources */ = {isa = PBXBuildFile; fileRef = A3EC765C1E67A86A006FB57B /* NSDate.swift */; };
		A3EC76651E67A86A006FB57B /* String.swift in Sources */ = {isa = PBXBuildFile; fileRef = A3EC765D1E67A86A006FB57B /* String.swift */; };
		A3EC76661E67A86A006FB57B /* UIColor.swift in Sources */ = {isa = PBXBuildFile; fileRef = A3EC765E1E67A86A006FB57B /* UIColor.swift */; };
		A3EC76671E67A86A006FB57B /* UITextField.swift in Sources */ = {isa = PBXBuildFile; fileRef = A3EC765F1E67A86A006FB57B /* UITextField.swift */; };
		A3EC76681E67A86A006FB57B /* UIView.swift in Sources */ = {isa = PBXBuildFile; fileRef = A3EC76601E67A86A006FB57B /* UIView.swift */; };
		A3EC76691E67A86A006FB57B /* UIViewController.swift in Sources */ = {isa = PBXBuildFile; fileRef = A3EC76611E67A86A006FB57B /* UIViewController.swift */; };
		A3EC766A1E67A86A006FB57B /* Utilities.swift in Sources */ = {isa = PBXBuildFile; fileRef = A3EC76621E67A86A006FB57B /* Utilities.swift */; };
		A3EC767E1E67C442006FB57B /* RepeatViewController.swift in Sources */ = {isa = PBXBuildFile; fileRef = A3EC767D1E67C442006FB57B /* RepeatViewController.swift */; };
		A3F194341E67F05000BD9F99 /* Info.plist in Resources */ = {isa = PBXBuildFile; fileRef = A3F194311E67F05000BD9F99 /* Info.plist */; };
		A3F194351E67F05000BD9F99 /* SlideMenuController.swift in Sources */ = {isa = PBXBuildFile; fileRef = A3F194321E67F05000BD9F99 /* SlideMenuController.swift */; };
		A3F2BFAF1E67E8C100DAAE3F /* LeftMenuViewController.swift in Sources */ = {isa = PBXBuildFile; fileRef = A3F2BFAE1E67E8C100DAAE3F /* LeftMenuViewController.swift */; };
		A3F2BFB21E67EBB000DAAE3F /* LoginViewController.swift in Sources */ = {isa = PBXBuildFile; fileRef = A3F2BFB11E67EBB000DAAE3F /* LoginViewController.swift */; };
/* End PBXBuildFile section */

/* Begin PBXFileReference section */
		1E2CD94AB9AD418DAB5DF6D2 /* Pods-HealthCare.release.xcconfig */ = {isa = PBXFileReference; includeInIndex = 1; lastKnownFileType = text.xcconfig; name = "Pods-HealthCare.release.xcconfig"; path = "Pods/Target Support Files/Pods-HealthCare/Pods-HealthCare.release.xcconfig"; sourceTree = "<group>"; };
		61285EAC1E6C00BE000B680B /* ExcercisViewController.swift */ = {isa = PBXFileReference; fileEncoding = 4; lastKnownFileType = sourcecode.swift; path = ExcercisViewController.swift; sourceTree = "<group>"; };
		61285EAD1E6C00BE000B680B /* ExcercisViewController.xib */ = {isa = PBXFileReference; fileEncoding = 4; lastKnownFileType = file.xib; path = ExcercisViewController.xib; sourceTree = "<group>"; };
		61285EB01E6C033C000B680B /* background.png */ = {isa = PBXFileReference; lastKnownFileType = image.png; path = background.png; sourceTree = "<group>"; };
		61285EB11E6C033C000B680B /* btn_back.png */ = {isa = PBXFileReference; lastKnownFileType = image.png; path = btn_back.png; sourceTree = "<group>"; };
		61285EB21E6C033C000B680B /* btn_fb.png */ = {isa = PBXFileReference; lastKnownFileType = image.png; path = btn_fb.png; sourceTree = "<group>"; };
		61285EB31E6C033C000B680B /* btn_google.png */ = {isa = PBXFileReference; lastKnownFileType = image.png; path = btn_google.png; sourceTree = "<group>"; };
		61285EB41E6C033C000B680B /* dinner_0.png */ = {isa = PBXFileReference; lastKnownFileType = image.png; path = dinner_0.png; sourceTree = "<group>"; };
		61285EB51E6C033C000B680B /* dinner_1.png */ = {isa = PBXFileReference; lastKnownFileType = image.png; path = dinner_1.png; sourceTree = "<group>"; };
		61285EB61E6C033C000B680B /* dinner_2.png */ = {isa = PBXFileReference; lastKnownFileType = image.png; path = dinner_2.png; sourceTree = "<group>"; };
		61285EB71E6C033C000B680B /* eat_background.png */ = {isa = PBXFileReference; lastKnownFileType = image.png; path = eat_background.png; sourceTree = "<group>"; };
		61285EB91E6C033C000B680B /* logo.png */ = {isa = PBXFileReference; lastKnownFileType = image.png; path = logo.png; sourceTree = "<group>"; };
		61285EBA1E6C033C000B680B /* lunch_0.png */ = {isa = PBXFileReference; lastKnownFileType = image.png; path = lunch_0.png; sourceTree = "<group>"; };
		61285EBB1E6C033C000B680B /* lunch_1.png */ = {isa = PBXFileReference; lastKnownFileType = image.png; path = lunch_1.png; sourceTree = "<group>"; };
		61285EBC1E6C033C000B680B /* lunch_2.png */ = {isa = PBXFileReference; lastKnownFileType = image.png; path = lunch_2.png; sourceTree = "<group>"; };
		61285EBD1E6C033C000B680B /* main_background.png */ = {isa = PBXFileReference; lastKnownFileType = image.png; path = main_background.png; sourceTree = "<group>"; };
		61285EBE1E6C033C000B680B /* menu_logo.png */ = {isa = PBXFileReference; lastKnownFileType = image.png; path = menu_logo.png; sourceTree = "<group>"; };
		61285EBF1E6C033C000B680B /* menu_white.png */ = {isa = PBXFileReference; lastKnownFileType = image.png; path = menu_white.png; sourceTree = "<group>"; };
		61285EC01E6C033C000B680B /* menu.png */ = {isa = PBXFileReference; lastKnownFileType = image.png; path = menu.png; sourceTree = "<group>"; };
		61285EC11E6C033C000B680B /* next.png */ = {isa = PBXFileReference; lastKnownFileType = image.png; path = next.png; sourceTree = "<group>"; };
		61285ED41E6C052B000B680B /* ExcercisCell.swift */ = {isa = PBXFileReference; fileEncoding = 4; lastKnownFileType = sourcecode.swift; path = ExcercisCell.swift; sourceTree = "<group>"; };
		61285ED51E6C052B000B680B /* ExcercisCell.xib */ = {isa = PBXFileReference; fileEncoding = 4; lastKnownFileType = file.xib; path = ExcercisCell.xib; sourceTree = "<group>"; };
		619C52711E6C62F40002A42B /* MainViewController.swift */ = {isa = PBXFileReference; fileEncoding = 4; lastKnownFileType = sourcecode.swift; path = MainViewController.swift; sourceTree = "<group>"; };
		619C52721E6C62F40002A42B /* MainViewController.xib */ = {isa = PBXFileReference; fileEncoding = 4; lastKnownFileType = file.xib; path = MainViewController.xib; sourceTree = "<group>"; };
		619C52751E6C64800002A42B /* UIColorExtensions.swift */ = {isa = PBXFileReference; fileEncoding = 4; lastKnownFileType = sourcecode.swift; path = UIColorExtensions.swift; sourceTree = "<group>"; };
		619C52771E6C73260002A42B /* UTM-Neo-Sans-Intel.ttf */ = {isa = PBXFileReference; lastKnownFileType = file; path = "UTM-Neo-Sans-Intel.ttf"; sourceTree = "<group>"; };
		619C52781E6C73260002A42B /* UTM-Neo-Sans-IntelBold_Italic.ttf */ = {isa = PBXFileReference; lastKnownFileType = file; path = "UTM-Neo-Sans-IntelBold_Italic.ttf"; sourceTree = "<group>"; };
		619C52791E6C73260002A42B /* UTM-Neo-Sans-IntelBold.ttf */ = {isa = PBXFileReference; lastKnownFileType = file; path = "UTM-Neo-Sans-IntelBold.ttf"; sourceTree = "<group>"; };
		619C527E1E6C74DF0002A42B /* Constants.swift */ = {isa = PBXFileReference; fileEncoding = 4; lastKnownFileType = sourcecode.swift; path = Constants.swift; sourceTree = "<group>"; };
		619C52811E6C75680002A42B /* SliderTableViewCell.swift */ = {isa = PBXFileReference; fileEncoding = 4; lastKnownFileType = sourcecode.swift; path = SliderTableViewCell.swift; sourceTree = "<group>"; };
		619C52821E6C75680002A42B /* SliderTableViewCell.xib */ = {isa = PBXFileReference; fileEncoding = 4; lastKnownFileType = file.xib; path = SliderTableViewCell.xib; sourceTree = "<group>"; };
		78BB75B01D5983B960F25346 /* Pods-HealthCare.debug.xcconfig */ = {isa = PBXFileReference; includeInIndex = 1; lastKnownFileType = text.xcconfig; name = "Pods-HealthCare.debug.xcconfig"; path = "Pods/Target Support Files/Pods-HealthCare/Pods-HealthCare.debug.xcconfig"; sourceTree = "<group>"; };
		951430F24416B1E0A9807946 /* Pods_HealthCare.framework */ = {isa = PBXFileReference; explicitFileType = wrapper.framework; includeInIndex = 0; path = Pods_HealthCare.framework; sourceTree = BUILT_PRODUCTS_DIR; };
		A356ACBD1E686F8900716B68 /* BasedCollectionViewController.swift */ = {isa = PBXFileReference; fileEncoding = 4; lastKnownFileType = sourcecode.swift; name = BasedCollectionViewController.swift; path = BasedViewController/BasedCollectionViewController.swift; sourceTree = "<group>"; };
		A356ACC01E68704A00716B68 /* EatViewController.swift */ = {isa = PBXFileReference; fileEncoding = 4; lastKnownFileType = sourcecode.swift; name = EatViewController.swift; path = MVC/Controller/Eat/EatViewController.swift; sourceTree = "<group>"; };
		A356ACD01E68A03200716B68 /* GoogleService-Info.plist */ = {isa = PBXFileReference; fileEncoding = 4; lastKnownFileType = text.plist.xml; path = "GoogleService-Info.plist"; sourceTree = "<group>"; };
		A356ACD21E68ACDE00716B68 /* HealthCare.entitlements */ = {isa = PBXFileReference; lastKnownFileType = text.plist.entitlements; path = HealthCare.entitlements; sourceTree = "<group>"; };
		A3C87F601E696C0A00141702 /* FoodViewController.swift */ = {isa = PBXFileReference; fileEncoding = 4; lastKnownFileType = sourcecode.swift; name = FoodViewController.swift; path = MVC/Controller/Food/FoodViewController.swift; sourceTree = "<group>"; };
		A3EC76391E679C29006FB57B /* HealthCare.app */ = {isa = PBXFileReference; explicitFileType = wrapper.application; includeInIndex = 0; path = HealthCare.app; sourceTree = BUILT_PRODUCTS_DIR; };
		A3EC763C1E679C29006FB57B /* AppDelegate.swift */ = {isa = PBXFileReference; lastKnownFileType = sourcecode.swift; path = AppDelegate.swift; sourceTree = "<group>"; };
		A3EC76411E679C29006FB57B /* Base */ = {isa = PBXFileReference; lastKnownFileType = file.storyboard; name = Base; path = Base.lproj/Main.storyboard; sourceTree = "<group>"; };
		A3EC76431E679C29006FB57B /* Assets.xcassets */ = {isa = PBXFileReference; lastKnownFileType = folder.assetcatalog; path = Assets.xcassets; sourceTree = "<group>"; };
		A3EC76461E679C29006FB57B /* Base */ = {isa = PBXFileReference; lastKnownFileType = file.storyboard; name = Base; path = Base.lproj/LaunchScreen.storyboard; sourceTree = "<group>"; };
		A3EC76481E679C29006FB57B /* Info.plist */ = {isa = PBXFileReference; lastKnownFileType = text.plist.xml; path = Info.plist; sourceTree = "<group>"; };
		A3EC764F1E67A04A006FB57B /* BasedViewController.swift */ = {isa = PBXFileReference; fileEncoding = 4; lastKnownFileType = sourcecode.swift; name = BasedViewController.swift; path = BasedViewController/BasedViewController.swift; sourceTree = "<group>"; };
		A3EC76511E67A1B5006FB57B /* BasedTableViewController.swift */ = {isa = PBXFileReference; fileEncoding = 4; lastKnownFileType = sourcecode.swift; name = BasedTableViewController.swift; path = BasedViewController/BasedTableViewController.swift; sourceTree = "<group>"; };
		A3EC76571E67A455006FB57B /* ReminderViewController.swift */ = {isa = PBXFileReference; fileEncoding = 4; lastKnownFileType = sourcecode.swift; name = ReminderViewController.swift; path = MVC/Controller/Reminder/ReminderViewController.swift; sourceTree = "<group>"; };
		A3EC765B1E67A86A006FB57B /* Dictionary.swift */ = {isa = PBXFileReference; fileEncoding = 4; lastKnownFileType = sourcecode.swift; path = Dictionary.swift; sourceTree = "<group>"; };
		A3EC765C1E67A86A006FB57B /* NSDate.swift */ = {isa = PBXFileReference; fileEncoding = 4; lastKnownFileType = sourcecode.swift; path = NSDate.swift; sourceTree = "<group>"; };
		A3EC765D1E67A86A006FB57B /* String.swift */ = {isa = PBXFileReference; fileEncoding = 4; lastKnownFileType = sourcecode.swift; path = String.swift; sourceTree = "<group>"; };
		A3EC765E1E67A86A006FB57B /* UIColor.swift */ = {isa = PBXFileReference; fileEncoding = 4; lastKnownFileType = sourcecode.swift; path = UIColor.swift; sourceTree = "<group>"; };
		A3EC765F1E67A86A006FB57B /* UITextField.swift */ = {isa = PBXFileReference; fileEncoding = 4; lastKnownFileType = sourcecode.swift; path = UITextField.swift; sourceTree = "<group>"; };
		A3EC76601E67A86A006FB57B /* UIView.swift */ = {isa = PBXFileReference; fileEncoding = 4; lastKnownFileType = sourcecode.swift; path = UIView.swift; sourceTree = "<group>"; };
		A3EC76611E67A86A006FB57B /* UIViewController.swift */ = {isa = PBXFileReference; fileEncoding = 4; lastKnownFileType = sourcecode.swift; path = UIViewController.swift; sourceTree = "<group>"; };
		A3EC76621E67A86A006FB57B /* Utilities.swift */ = {isa = PBXFileReference; fileEncoding = 4; lastKnownFileType = sourcecode.swift; path = Utilities.swift; sourceTree = "<group>"; };
		A3EC767B1E67B000006FB57B /* HealthCare-Bridging-Header.h */ = {isa = PBXFileReference; lastKnownFileType = sourcecode.c.h; name = "HealthCare-Bridging-Header.h"; path = "Lib/HealthCare-Bridging-Header.h"; sourceTree = "<group>"; };
		A3EC767D1E67C442006FB57B /* RepeatViewController.swift */ = {isa = PBXFileReference; fileEncoding = 4; lastKnownFileType = sourcecode.swift; name = RepeatViewController.swift; path = MVC/Controller/Repeat/RepeatViewController.swift; sourceTree = "<group>"; };
		A3F194311E67F05000BD9F99 /* Info.plist */ = {isa = PBXFileReference; fileEncoding = 4; lastKnownFileType = text.plist.xml; path = Info.plist; sourceTree = "<group>"; };
		A3F194321E67F05000BD9F99 /* SlideMenuController.swift */ = {isa = PBXFileReference; fileEncoding = 4; lastKnownFileType = sourcecode.swift; path = SlideMenuController.swift; sourceTree = "<group>"; };
		A3F194331E67F05000BD9F99 /* SlideMenuControllerSwift.h */ = {isa = PBXFileReference; fileEncoding = 4; lastKnownFileType = sourcecode.c.h; path = SlideMenuControllerSwift.h; sourceTree = "<group>"; };
		A3F2BFAE1E67E8C100DAAE3F /* LeftMenuViewController.swift */ = {isa = PBXFileReference; fileEncoding = 4; lastKnownFileType = sourcecode.swift; name = LeftMenuViewController.swift; path = MVC/Controller/Menu/LeftMenuViewController.swift; sourceTree = "<group>"; };
		A3F2BFB11E67EBB000DAAE3F /* LoginViewController.swift */ = {isa = PBXFileReference; fileEncoding = 4; lastKnownFileType = sourcecode.swift; name = LoginViewController.swift; path = MVC/Controller/Login/LoginViewController.swift; sourceTree = "<group>"; };
/* End PBXFileReference section */

/* Begin PBXFrameworksBuildPhase section */
		A3EC76361E679C29006FB57B /* Frameworks */ = {
			isa = PBXFrameworksBuildPhase;
			buildActionMask = 2147483647;
			files = (
				0308F974153CC17BC400638C /* Pods_HealthCare.framework in Frameworks */,
			);
			runOnlyForDeploymentPostprocessing = 0;
		};
/* End PBXFrameworksBuildPhase section */

/* Begin PBXGroup section */
		378DA93F285EFF139E5185C5 /* Frameworks */ = {
			isa = PBXGroup;
			children = (
				951430F24416B1E0A9807946 /* Pods_HealthCare.framework */,
			);
			name = Frameworks;
			sourceTree = "<group>";
		};
		61285EAB1E6C00A7000B680B /* Excercis */ = {
			isa = PBXGroup;
			children = (
				61285ED31E6C0517000B680B /* ExcercisCell */,
				61285EAC1E6C00BE000B680B /* ExcercisViewController.swift */,
				61285EAD1E6C00BE000B680B /* ExcercisViewController.xib */,
			);
			name = Excercis;
			path = MVC/Controller/Excercis;
			sourceTree = "<group>";
		};
		61285EB81E6C033C000B680B /* font */ = {
			isa = PBXGroup;
			children = (
				619C52771E6C73260002A42B /* UTM-Neo-Sans-Intel.ttf */,
				619C52781E6C73260002A42B /* UTM-Neo-Sans-IntelBold_Italic.ttf */,
				619C52791E6C73260002A42B /* UTM-Neo-Sans-IntelBold.ttf */,
			);
			path = font;
			sourceTree = "<group>";
		};
		61285ED31E6C0517000B680B /* ExcercisCell */ = {
			isa = PBXGroup;
			children = (
				619C52801E6C75680002A42B /* SliderCell */,
				61285ED41E6C052B000B680B /* ExcercisCell.swift */,
				61285ED51E6C052B000B680B /* ExcercisCell.xib */,
			);
			path = ExcercisCell;
			sourceTree = "<group>";
		};
		619C52701E6C62D50002A42B /* Main */ = {
			isa = PBXGroup;
			children = (
				619C52711E6C62F40002A42B /* MainViewController.swift */,
				619C52721E6C62F40002A42B /* MainViewController.xib */,
			);
			path = Main;
			sourceTree = "<group>";
		};
		619C527D1E6C74D50002A42B /* Orther */ = {
			isa = PBXGroup;
			children = (
				619C527E1E6C74DF0002A42B /* Constants.swift */,
			);
			path = Orther;
			sourceTree = "<group>";
		};
		619C52801E6C75680002A42B /* SliderCell */ = {
			isa = PBXGroup;
			children = (
				619C52811E6C75680002A42B /* SliderTableViewCell.swift */,
				619C52821E6C75680002A42B /* SliderTableViewCell.xib */,
			);
			path = SliderCell;
			sourceTree = "<group>";
		};
		A1F29BDC73A05C1B83A86FA5 /* Pods */ = {
			isa = PBXGroup;
			children = (
				78BB75B01D5983B960F25346 /* Pods-HealthCare.debug.xcconfig */,
				1E2CD94AB9AD418DAB5DF6D2 /* Pods-HealthCare.release.xcconfig */,
			);
			name = Pods;
			sourceTree = "<group>";
		};
		A356ACBF1E68702200716B68 /* Eat */ = {
			isa = PBXGroup;
			children = (
				A356ACC01E68704A00716B68 /* EatViewController.swift */,
			);
			name = Eat;
			sourceTree = "<group>";
		};
		A3C87F5F1E696BEB00141702 /* Food */ = {
			isa = PBXGroup;
			children = (
				A3C87F601E696C0A00141702 /* FoodViewController.swift */,
			);
			name = Food;
			sourceTree = "<group>";
		};
		A3EC76301E679C29006FB57B = {
			isa = PBXGroup;
			children = (
				A3EC763B1E679C29006FB57B /* HealthCare */,
				A3EC763A1E679C29006FB57B /* Products */,
				A1F29BDC73A05C1B83A86FA5 /* Pods */,
				378DA93F285EFF139E5185C5 /* Frameworks */,
			);
			sourceTree = "<group>";
		};
		A3EC763A1E679C29006FB57B /* Products */ = {
			isa = PBXGroup;
			children = (
				A3EC76391E679C29006FB57B /* HealthCare.app */,
			);
			name = Products;
			sourceTree = "<group>";
		};
		A3EC763B1E679C29006FB57B /* HealthCare */ = {
			isa = PBXGroup;
			children = (
				A356ACD21E68ACDE00716B68 /* HealthCare.entitlements */,
				619C527D1E6C74D50002A42B /* Orther */,
				A3EC76821E67D05E006FB57B /* Resources */,
				A3EC764E1E67A013006FB57B /* BasedViewController */,
				A3EC765A1E67A86A006FB57B /* Extensions */,
				A3EC766B1E67AF13006FB57B /* Lib */,
				A3EC76531E67A3E0006FB57B /* MVC */,
				A3EC763C1E679C29006FB57B /* AppDelegate.swift */,
				A3EC76401E679C29006FB57B /* Main.storyboard */,
				A3EC76431E679C29006FB57B /* Assets.xcassets */,
				A3EC76451E679C29006FB57B /* LaunchScreen.storyboard */,
				A3EC76481E679C29006FB57B /* Info.plist */,
				A356ACD01E68A03200716B68 /* GoogleService-Info.plist */,
			);
			path = HealthCare;
			sourceTree = "<group>";
		};
		A3EC764E1E67A013006FB57B /* BasedViewController */ = {
			isa = PBXGroup;
			children = (
				A3EC764F1E67A04A006FB57B /* BasedViewController.swift */,
				A3EC76511E67A1B5006FB57B /* BasedTableViewController.swift */,
				A356ACBD1E686F8900716B68 /* BasedCollectionViewController.swift */,
			);
			name = BasedViewController;
			sourceTree = "<group>";
		};
		A3EC76531E67A3E0006FB57B /* MVC */ = {
			isa = PBXGroup;
			children = (
				A3EC76561E67A3F5006FB57B /* Model */,
				A3EC76551E67A3ED006FB57B /* Controller */,
				A3EC76541E67A3E7006FB57B /* View */,
			);
			name = MVC;
			sourceTree = "<group>";
		};
		A3EC76541E67A3E7006FB57B /* View */ = {
			isa = PBXGroup;
			children = (
			);
			name = View;
			sourceTree = "<group>";
		};
		A3EC76551E67A3ED006FB57B /* Controller */ = {
			isa = PBXGroup;
			children = (
				619C52701E6C62D50002A42B /* Main */,
				61285EAB1E6C00A7000B680B /* Excercis */,
				A3C87F5F1E696BEB00141702 /* Food */,
				A356ACBF1E68702200716B68 /* Eat */,
				A3F2BFB01E67EB9800DAAE3F /* Login */,
				A3F2BFAD1E67E8A300DAAE3F /* Menu */,
				A3EC767C1E67C426006FB57B /* Repeat */,
				A3EC76591E67A459006FB57B /* Reminder */,
			);
			name = Controller;
			sourceTree = "<group>";
		};
		A3EC76561E67A3F5006FB57B /* Model */ = {
			isa = PBXGroup;
			children = (
			);
			name = Model;
			sourceTree = "<group>";
		};
		A3EC76591E67A459006FB57B /* Reminder */ = {
			isa = PBXGroup;
			children = (
				A3EC76571E67A455006FB57B /* ReminderViewController.swift */,
			);
			name = Reminder;
			sourceTree = "<group>";
		};
		A3EC765A1E67A86A006FB57B /* Extensions */ = {
			isa = PBXGroup;
			children = (
				A3EC765B1E67A86A006FB57B /* Dictionary.swift */,
				A3EC765C1E67A86A006FB57B /* NSDate.swift */,
				A3EC765D1E67A86A006FB57B /* String.swift */,
				A3EC765E1E67A86A006FB57B /* UIColor.swift */,
				A3EC765F1E67A86A006FB57B /* UITextField.swift */,
				A3EC76601E67A86A006FB57B /* UIView.swift */,
				A3EC76611E67A86A006FB57B /* UIViewController.swift */,
				A3EC76621E67A86A006FB57B /* Utilities.swift */,
				619C52751E6C64800002A42B /* UIColorExtensions.swift */,
			);
			path = Extensions;
			sourceTree = "<group>";
		};
		A3EC766B1E67AF13006FB57B /* Lib */ = {
			isa = PBXGroup;
			children = (
				A3EC767B1E67B000006FB57B /* HealthCare-Bridging-Header.h */,
				A3F194301E67F05000BD9F99 /* SlideMenuController */,
			);
			name = Lib;
			sourceTree = "<group>";
		};
		A3EC767C1E67C426006FB57B /* Repeat */ = {
			isa = PBXGroup;
			children = (
				A3EC767D1E67C442006FB57B /* RepeatViewController.swift */,
			);
			name = Repeat;
			sourceTree = "<group>";
		};
		A3EC76821E67D05E006FB57B /* Resources */ = {
			isa = PBXGroup;
			children = (
				61285EB01E6C033C000B680B /* background.png */,
				61285EB11E6C033C000B680B /* btn_back.png */,
				61285EB21E6C033C000B680B /* btn_fb.png */,
				61285EB31E6C033C000B680B /* btn_google.png */,
				61285EB41E6C033C000B680B /* dinner_0.png */,
				61285EB51E6C033C000B680B /* dinner_1.png */,
				61285EB61E6C033C000B680B /* dinner_2.png */,
				61285EB71E6C033C000B680B /* eat_background.png */,
				61285EB81E6C033C000B680B /* font */,
				61285EB91E6C033C000B680B /* logo.png */,
				61285EBA1E6C033C000B680B /* lunch_0.png */,
				61285EBB1E6C033C000B680B /* lunch_1.png */,
				61285EBC1E6C033C000B680B /* lunch_2.png */,
				61285EBD1E6C033C000B680B /* main_background.png */,
				61285EBE1E6C033C000B680B /* menu_logo.png */,
				61285EBF1E6C033C000B680B /* menu_white.png */,
				61285EC01E6C033C000B680B /* menu.png */,
				61285EC11E6C033C000B680B /* next.png */,
			);
			path = Resources;
			sourceTree = "<group>";
		};
		A3F194301E67F05000BD9F99 /* SlideMenuController */ = {
			isa = PBXGroup;
			children = (
				A3F194311E67F05000BD9F99 /* Info.plist */,
				A3F194321E67F05000BD9F99 /* SlideMenuController.swift */,
				A3F194331E67F05000BD9F99 /* SlideMenuControllerSwift.h */,
			);
			path = SlideMenuController;
			sourceTree = "<group>";
		};
		A3F2BFAD1E67E8A300DAAE3F /* Menu */ = {
			isa = PBXGroup;
			children = (
				A3F2BFAE1E67E8C100DAAE3F /* LeftMenuViewController.swift */,
			);
			name = Menu;
			sourceTree = "<group>";
		};
		A3F2BFB01E67EB9800DAAE3F /* Login */ = {
			isa = PBXGroup;
			children = (
				A3F2BFB11E67EBB000DAAE3F /* LoginViewController.swift */,
			);
			name = Login;
			sourceTree = "<group>";
		};
/* End PBXGroup section */

/* Begin PBXNativeTarget section */
		A3EC76381E679C29006FB57B /* HealthCare */ = {
			isa = PBXNativeTarget;
			buildConfigurationList = A3EC764B1E679C29006FB57B /* Build configuration list for PBXNativeTarget "HealthCare" */;
			buildPhases = (
				C4BFF7676F385CE3B00923BA /* [CP] Check Pods Manifest.lock */,
				A3EC76351E679C29006FB57B /* Sources */,
				A3EC76361E679C29006FB57B /* Frameworks */,
				A3EC76371E679C29006FB57B /* Resources */,
				D359ACACE9D62E4A43F4C981 /* [CP] Embed Pods Frameworks */,
				9D75305DFE0210E87B365AC0 /* [CP] Copy Pods Resources */,
			);
			buildRules = (
			);
			dependencies = (
			);
			name = HealthCare;
			productName = HealthCare;
			productReference = A3EC76391E679C29006FB57B /* HealthCare.app */;
			productType = "com.apple.product-type.application";
		};
/* End PBXNativeTarget section */

/* Begin PBXProject section */
		A3EC76311E679C29006FB57B /* Project object */ = {
			isa = PBXProject;
			attributes = {
				LastSwiftUpdateCheck = 0820;
				LastUpgradeCheck = 0820;
				ORGANIZATIONNAME = "Vinh Nguyen";
				TargetAttributes = {
					A3EC76381E679C29006FB57B = {
						CreatedOnToolsVersion = 8.2.1;
						DevelopmentTeam = V87225KR53;
						ProvisioningStyle = Automatic;
						SystemCapabilities = {
							com.apple.Keychain = {
								enabled = 1;
							};
						};
					};
				};
			};
			buildConfigurationList = A3EC76341E679C29006FB57B /* Build configuration list for PBXProject "HealthCare" */;
			compatibilityVersion = "Xcode 3.2";
			developmentRegion = English;
			hasScannedForEncodings = 0;
			knownRegions = (
				en,
				Base,
			);
			mainGroup = A3EC76301E679C29006FB57B;
			productRefGroup = A3EC763A1E679C29006FB57B /* Products */;
			projectDirPath = "";
			projectRoot = "";
			targets = (
				A3EC76381E679C29006FB57B /* HealthCare */,
			);
		};
/* End PBXProject section */

/* Begin PBXResourcesBuildPhase section */
		A3EC76371E679C29006FB57B /* Resources */ = {
			isa = PBXResourcesBuildPhase;
			buildActionMask = 2147483647;
			files = (
				61285ECC1E6C033C000B680B /* lunch_1.png in Resources */,
				61285ECF1E6C033C000B680B /* menu_logo.png in Resources */,
				61285ECD1E6C033C000B680B /* lunch_2.png in Resources */,
				619C527C1E6C73260002A42B /* UTM-Neo-Sans-IntelBold.ttf in Resources */,
				A3EC76471E679C29006FB57B /* LaunchScreen.storyboard in Resources */,
				61285EAF1E6C00BE000B680B /* ExcercisViewController.xib in Resources */,
				61285EC21E6C033C000B680B /* background.png in Resources */,
				61285EC41E6C033C000B680B /* btn_fb.png in Resources */,
				619C52741E6C62F40002A42B /* MainViewController.xib in Resources */,
				619C527A1E6C73260002A42B /* UTM-Neo-Sans-Intel.ttf in Resources */,
				61285EC31E6C033C000B680B /* btn_back.png in Resources */,
				61285ED11E6C033C000B680B /* menu.png in Resources */,
				A3EC76441E679C29006FB57B /* Assets.xcassets in Resources */,
				A3F194341E67F05000BD9F99 /* Info.plist in Resources */,
				619C527B1E6C73260002A42B /* UTM-Neo-Sans-IntelBold_Italic.ttf in Resources */,
				61285ECB1E6C033C000B680B /* lunch_0.png in Resources */,
				A3EC76421E679C29006FB57B /* Main.storyboard in Resources */,
				A356ACD11E68A03200716B68 /* GoogleService-Info.plist in Resources */,
				61285EC61E6C033C000B680B /* dinner_0.png in Resources */,
				61285ED71E6C052B000B680B /* ExcercisCell.xib in Resources */,
				61285ECE1E6C033C000B680B /* main_background.png in Resources */,
				61285EC91E6C033C000B680B /* eat_background.png in Resources */,
				61285ECA1E6C033C000B680B /* logo.png in Resources */,
				61285EC51E6C033C000B680B /* btn_google.png in Resources */,
				61285EC71E6C033C000B680B /* dinner_1.png in Resources */,
				619C52841E6C75680002A42B /* SliderTableViewCell.xib in Resources */,
				61285ED21E6C033C000B680B /* next.png in Resources */,
				61285EC81E6C033C000B680B /* dinner_2.png in Resources */,
				61285ED01E6C033C000B680B /* menu_white.png in Resources */,
			);
			runOnlyForDeploymentPostprocessing = 0;
		};
/* End PBXResourcesBuildPhase section */

/* Begin PBXShellScriptBuildPhase section */
		9D75305DFE0210E87B365AC0 /* [CP] Copy Pods Resources */ = {
			isa = PBXShellScriptBuildPhase;
			buildActionMask = 2147483647;
			files = (
			);
			inputPaths = (
			);
			name = "[CP] Copy Pods Resources";
			outputPaths = (
			);
			runOnlyForDeploymentPostprocessing = 0;
			shellPath = /bin/sh;
			shellScript = "\"${SRCROOT}/Pods/Target Support Files/Pods-HealthCare/Pods-HealthCare-resources.sh\"\n";
			showEnvVarsInLog = 0;
		};
		C4BFF7676F385CE3B00923BA /* [CP] Check Pods Manifest.lock */ = {
			isa = PBXShellScriptBuildPhase;
			buildActionMask = 2147483647;
			files = (
			);
			inputPaths = (
			);
			name = "[CP] Check Pods Manifest.lock";
			outputPaths = (
			);
			runOnlyForDeploymentPostprocessing = 0;
			shellPath = /bin/sh;
			shellScript = "diff \"${PODS_ROOT}/../Podfile.lock\" \"${PODS_ROOT}/Manifest.lock\" > /dev/null\nif [ $? != 0 ] ; then\n    # print error to STDERR\n    echo \"error: The sandbox is not in sync with the Podfile.lock. Run 'pod install' or update your CocoaPods installation.\" >&2\n    exit 1\nfi\n";
			showEnvVarsInLog = 0;
		};
		D359ACACE9D62E4A43F4C981 /* [CP] Embed Pods Frameworks */ = {
			isa = PBXShellScriptBuildPhase;
			buildActionMask = 2147483647;
			files = (
			);
			inputPaths = (
			);
			name = "[CP] Embed Pods Frameworks";
			outputPaths = (
			);
			runOnlyForDeploymentPostprocessing = 0;
			shellPath = /bin/sh;
			shellScript = "\"${SRCROOT}/Pods/Target Support Files/Pods-HealthCare/Pods-HealthCare-frameworks.sh\"\n";
			showEnvVarsInLog = 0;
		};
/* End PBXShellScriptBuildPhase section */

/* Begin PBXSourcesBuildPhase section */
		A3EC76351E679C29006FB57B /* Sources */ = {
			isa = PBXSourcesBuildPhase;
			buildActionMask = 2147483647;
			files = (
				A3EC76681E67A86A006FB57B /* UIView.swift in Sources */,
				619C52731E6C62F40002A42B /* MainViewController.swift in Sources */,
				61285ED61E6C052B000B680B /* ExcercisCell.swift in Sources */,
				A3EC76501E67A04A006FB57B /* BasedViewController.swift in Sources */,
				619C52831E6C75680002A42B /* SliderTableViewCell.swift in Sources */,
				A3EC76631E67A86A006FB57B /* Dictionary.swift in Sources */,
				A3F2BFB21E67EBB000DAAE3F /* LoginViewController.swift in Sources */,
				A3EC76691E67A86A006FB57B /* UIViewController.swift in Sources */,
				A356ACC11E68704A00716B68 /* EatViewController.swift in Sources */,
				A3EC767E1E67C442006FB57B /* RepeatViewController.swift in Sources */,
				A3EC76671E67A86A006FB57B /* UITextField.swift in Sources */,
				A3EC76581E67A455006FB57B /* ReminderViewController.swift in Sources */,
				A356ACBE1E686F8900716B68 /* BasedCollectionViewController.swift in Sources */,
				A3EC766A1E67A86A006FB57B /* Utilities.swift in Sources */,
				619C527F1E6C74DF0002A42B /* Constants.swift in Sources */,
				A3EC763D1E679C29006FB57B /* AppDelegate.swift in Sources */,
				A3EC76651E67A86A006FB57B /* String.swift in Sources */,
				619C52761E6C64800002A42B /* UIColorExtensions.swift in Sources */,
				A3C87F611E696C0A00141702 /* FoodViewController.swift in Sources */,
				A3EC76661E67A86A006FB57B /* UIColor.swift in Sources */,
				A3EC76641E67A86A006FB57B /* NSDate.swift in Sources */,
				61285EAE1E6C00BE000B680B /* ExcercisViewController.swift in Sources */,
				A3F2BFAF1E67E8C100DAAE3F /* LeftMenuViewController.swift in Sources */,
				A3F194351E67F05000BD9F99 /* SlideMenuController.swift in Sources */,
				A3EC76521E67A1B5006FB57B /* BasedTableViewController.swift in Sources */,
			);
			runOnlyForDeploymentPostprocessing = 0;
		};
/* End PBXSourcesBuildPhase section */

/* Begin PBXVariantGroup section */
		A3EC76401E679C29006FB57B /* Main.storyboard */ = {
			isa = PBXVariantGroup;
			children = (
				A3EC76411E679C29006FB57B /* Base */,
			);
			name = Main.storyboard;
			sourceTree = "<group>";
		};
		A3EC76451E679C29006FB57B /* LaunchScreen.storyboard */ = {
			isa = PBXVariantGroup;
			children = (
				A3EC76461E679C29006FB57B /* Base */,
			);
			name = LaunchScreen.storyboard;
			sourceTree = "<group>";
		};
/* End PBXVariantGroup section */

/* Begin XCBuildConfiguration section */
		A3EC76491E679C29006FB57B /* Debug */ = {
			isa = XCBuildConfiguration;
			buildSettings = {
				ALWAYS_SEARCH_USER_PATHS = NO;
				CLANG_ANALYZER_NONNULL = YES;
				CLANG_CXX_LANGUAGE_STANDARD = "gnu++0x";
				CLANG_CXX_LIBRARY = "libc++";
				CLANG_ENABLE_MODULES = YES;
				CLANG_ENABLE_OBJC_ARC = YES;
				CLANG_WARN_BOOL_CONVERSION = YES;
				CLANG_WARN_CONSTANT_CONVERSION = YES;
				CLANG_WARN_DIRECT_OBJC_ISA_USAGE = YES_ERROR;
				CLANG_WARN_DOCUMENTATION_COMMENTS = YES;
				CLANG_WARN_EMPTY_BODY = YES;
				CLANG_WARN_ENUM_CONVERSION = YES;
				CLANG_WARN_INFINITE_RECURSION = YES;
				CLANG_WARN_INT_CONVERSION = YES;
				CLANG_WARN_OBJC_ROOT_CLASS = YES_ERROR;
				CLANG_WARN_SUSPICIOUS_MOVE = YES;
				CLANG_WARN_UNREACHABLE_CODE = YES;
				CLANG_WARN__DUPLICATE_METHOD_MATCH = YES;
				"CODE_SIGN_IDENTITY[sdk=iphoneos*]" = "iPhone Developer";
				COPY_PHASE_STRIP = NO;
				DEBUG_INFORMATION_FORMAT = dwarf;
				ENABLE_STRICT_OBJC_MSGSEND = YES;
				ENABLE_TESTABILITY = YES;
				GCC_C_LANGUAGE_STANDARD = gnu99;
				GCC_DYNAMIC_NO_PIC = NO;
				GCC_NO_COMMON_BLOCKS = YES;
				GCC_OPTIMIZATION_LEVEL = 0;
				GCC_PREPROCESSOR_DEFINITIONS = (
					"DEBUG=1",
					"$(inherited)",
				);
				GCC_WARN_64_TO_32_BIT_CONVERSION = YES;
				GCC_WARN_ABOUT_RETURN_TYPE = YES_ERROR;
				GCC_WARN_UNDECLARED_SELECTOR = YES;
				GCC_WARN_UNINITIALIZED_AUTOS = YES_AGGRESSIVE;
				GCC_WARN_UNUSED_FUNCTION = YES;
				GCC_WARN_UNUSED_VARIABLE = YES;
				IPHONEOS_DEPLOYMENT_TARGET = 10.2;
				MTL_ENABLE_DEBUG_INFO = YES;
				ONLY_ACTIVE_ARCH = YES;
				SDKROOT = iphoneos;
				SWIFT_ACTIVE_COMPILATION_CONDITIONS = DEBUG;
				SWIFT_OPTIMIZATION_LEVEL = "-Onone";
				TARGETED_DEVICE_FAMILY = "1,2";
			};
			name = Debug;
		};
		A3EC764A1E679C29006FB57B /* Release */ = {
			isa = XCBuildConfiguration;
			buildSettings = {
				ALWAYS_SEARCH_USER_PATHS = NO;
				CLANG_ANALYZER_NONNULL = YES;
				CLANG_CXX_LANGUAGE_STANDARD = "gnu++0x";
				CLANG_CXX_LIBRARY = "libc++";
				CLANG_ENABLE_MODULES = YES;
				CLANG_ENABLE_OBJC_ARC = YES;
				CLANG_WARN_BOOL_CONVERSION = YES;
				CLANG_WARN_CONSTANT_CONVERSION = YES;
				CLANG_WARN_DIRECT_OBJC_ISA_USAGE = YES_ERROR;
				CLANG_WARN_DOCUMENTATION_COMMENTS = YES;
				CLANG_WARN_EMPTY_BODY = YES;
				CLANG_WARN_ENUM_CONVERSION = YES;
				CLANG_WARN_INFINITE_RECURSION = YES;
				CLANG_WARN_INT_CONVERSION = YES;
				CLANG_WARN_OBJC_ROOT_CLASS = YES_ERROR;
				CLANG_WARN_SUSPICIOUS_MOVE = YES;
				CLANG_WARN_UNREACHABLE_CODE = YES;
				CLANG_WARN__DUPLICATE_METHOD_MATCH = YES;
				"CODE_SIGN_IDENTITY[sdk=iphoneos*]" = "iPhone Developer";
				COPY_PHASE_STRIP = NO;
				DEBUG_INFORMATION_FORMAT = "dwarf-with-dsym";
				ENABLE_NS_ASSERTIONS = NO;
				ENABLE_STRICT_OBJC_MSGSEND = YES;
				GCC_C_LANGUAGE_STANDARD = gnu99;
				GCC_NO_COMMON_BLOCKS = YES;
				GCC_WARN_64_TO_32_BIT_CONVERSION = YES;
				GCC_WARN_ABOUT_RETURN_TYPE = YES_ERROR;
				GCC_WARN_UNDECLARED_SELECTOR = YES;
				GCC_WARN_UNINITIALIZED_AUTOS = YES_AGGRESSIVE;
				GCC_WARN_UNUSED_FUNCTION = YES;
				GCC_WARN_UNUSED_VARIABLE = YES;
				IPHONEOS_DEPLOYMENT_TARGET = 10.2;
				MTL_ENABLE_DEBUG_INFO = NO;
				SDKROOT = iphoneos;
				SWIFT_OPTIMIZATION_LEVEL = "-Owholemodule";
				TARGETED_DEVICE_FAMILY = "1,2";
				VALIDATE_PRODUCT = YES;
			};
			name = Release;
		};
		A3EC764C1E679C29006FB57B /* Debug */ = {
			isa = XCBuildConfiguration;
			baseConfigurationReference = 78BB75B01D5983B960F25346 /* Pods-HealthCare.debug.xcconfig */;
			buildSettings = {
				ASSETCATALOG_COMPILER_APPICON_NAME = AppIcon;
				CODE_SIGN_ENTITLEMENTS = HealthCare/HealthCare.entitlements;
				DEVELOPMENT_TEAM = V87225KR53;
				INFOPLIST_FILE = HealthCare/Info.plist;
				IPHONEOS_DEPLOYMENT_TARGET = 8.0;
				LD_RUNPATH_SEARCH_PATHS = "$(inherited) @executable_path/Frameworks";
				PRODUCT_BUNDLE_IDENTIFIER = com.FLYJSC.HealthCare;
				PRODUCT_NAME = "$(TARGET_NAME)";
				SWIFT_OBJC_BRIDGING_HEADER = "HealthCare/Lib/HealthCare-Bridging-Header.h";
				SWIFT_VERSION = 3.0;
			};
			name = Debug;
		};
		A3EC764D1E679C29006FB57B /* Release */ = {
			isa = XCBuildConfiguration;
			baseConfigurationReference = 1E2CD94AB9AD418DAB5DF6D2 /* Pods-HealthCare.release.xcconfig */;
			buildSettings = {
				ASSETCATALOG_COMPILER_APPICON_NAME = AppIcon;
				CODE_SIGN_ENTITLEMENTS = HealthCare/HealthCare.entitlements;
				DEVELOPMENT_TEAM = V87225KR53;
				INFOPLIST_FILE = HealthCare/Info.plist;
				IPHONEOS_DEPLOYMENT_TARGET = 8.0;
				LD_RUNPATH_SEARCH_PATHS = "$(inherited) @executable_path/Frameworks";
				PRODUCT_BUNDLE_IDENTIFIER = com.FLYJSC.HealthCare;
				PRODUCT_NAME = "$(TARGET_NAME)";
				SWIFT_OBJC_BRIDGING_HEADER = "HealthCare/Lib/HealthCare-Bridging-Header.h";
				SWIFT_VERSION = 3.0;
			};
			name = Release;
		};
/* End XCBuildConfiguration section */

/* Begin XCConfigurationList section */
		A3EC76341E679C29006FB57B /* Build configuration list for PBXProject "HealthCare" */ = {
			isa = XCConfigurationList;
			buildConfigurations = (
				A3EC76491E679C29006FB57B /* Debug */,
				A3EC764A1E679C29006FB57B /* Release */,
			);
			defaultConfigurationIsVisible = 0;
			defaultConfigurationName = Release;
		};
		A3EC764B1E679C29006FB57B /* Build configuration list for PBXNativeTarget "HealthCare" */ = {
			isa = XCConfigurationList;
			buildConfigurations = (
				A3EC764C1E679C29006FB57B /* Debug */,
				A3EC764D1E679C29006FB57B /* Release */,
			);
			defaultConfigurationIsVisible = 0;
			defaultConfigurationName = Release;
		};
/* End XCConfigurationList section */
	};
	rootObject = A3EC76311E679C29006FB57B /* Project object */;
}
