// !$*UTF8*$!
{
	archiveVersion = 1;
	classes = {
	};
	objectVersion = 46;
	objects = {

/* Begin PBXBuildFile section */
		05791547AECA229FAB83AD4F /* Pods_ProteamUITests.framework in Frameworks */ = {isa = PBXBuildFile; fileRef = BAE3424B8FD25EA8C56AE992 /* Pods_ProteamUITests.framework */; };
		1DF2EC41F6505AE2AD51FBE5 /* Pods_ProteamTests.framework in Frameworks */ = {isa = PBXBuildFile; fileRef = 94C1FBC498F013B96FC5C20F /* Pods_ProteamTests.framework */; };
		61B985BD1E72C7BB006032CE /* AppDelegate.swift in Sources */ = {isa = PBXBuildFile; fileRef = 61B985BC1E72C7BB006032CE /* AppDelegate.swift */; };
		61B985BF1E72C7BB006032CE /* ViewController.swift in Sources */ = {isa = PBXBuildFile; fileRef = 61B985BE1E72C7BB006032CE /* ViewController.swift */; };
		61B985C21E72C7BB006032CE /* Main.storyboard in Resources */ = {isa = PBXBuildFile; fileRef = 61B985C01E72C7BB006032CE /* Main.storyboard */; };
		61B985C41E72C7BB006032CE /* Assets.xcassets in Resources */ = {isa = PBXBuildFile; fileRef = 61B985C31E72C7BB006032CE /* Assets.xcassets */; };
		61B985C71E72C7BB006032CE /* LaunchScreen.storyboard in Resources */ = {isa = PBXBuildFile; fileRef = 61B985C51E72C7BB006032CE /* LaunchScreen.storyboard */; };
		61B985D21E72C7BB006032CE /* ProteamTests.swift in Sources */ = {isa = PBXBuildFile; fileRef = 61B985D11E72C7BB006032CE /* ProteamTests.swift */; };
		61B985DD1E72C7BB006032CE /* ProteamUITests.swift in Sources */ = {isa = PBXBuildFile; fileRef = 61B985DC1E72C7BB006032CE /* ProteamUITests.swift */; };
		82C76C1CB09C66FCECF5BEBA /* Pods_Proteam.framework in Frameworks */ = {isa = PBXBuildFile; fileRef = 3CC28491005AB8971F0119DF /* Pods_Proteam.framework */; };
/* End PBXBuildFile section */

/* Begin PBXContainerItemProxy section */
		61B985CE1E72C7BB006032CE /* PBXContainerItemProxy */ = {
			isa = PBXContainerItemProxy;
			containerPortal = 61B985B11E72C7BB006032CE /* Project object */;
			proxyType = 1;
			remoteGlobalIDString = 61B985B81E72C7BB006032CE;
			remoteInfo = Proteam;
		};
		61B985D91E72C7BB006032CE /* PBXContainerItemProxy */ = {
			isa = PBXContainerItemProxy;
			containerPortal = 61B985B11E72C7BB006032CE /* Project object */;
			proxyType = 1;
			remoteGlobalIDString = 61B985B81E72C7BB006032CE;
			remoteInfo = Proteam;
		};
/* End PBXContainerItemProxy section */

/* Begin PBXFileReference section */
		3CC28491005AB8971F0119DF /* Pods_Proteam.framework */ = {isa = PBXFileReference; explicitFileType = wrapper.framework; includeInIndex = 0; path = Pods_Proteam.framework; sourceTree = BUILT_PRODUCTS_DIR; };
		61B985B91E72C7BB006032CE /* Proteam.app */ = {isa = PBXFileReference; explicitFileType = wrapper.application; includeInIndex = 0; path = Proteam.app; sourceTree = BUILT_PRODUCTS_DIR; };
		61B985BC1E72C7BB006032CE /* AppDelegate.swift */ = {isa = PBXFileReference; lastKnownFileType = sourcecode.swift; path = AppDelegate.swift; sourceTree = "<group>"; };
		61B985BE1E72C7BB006032CE /* ViewController.swift */ = {isa = PBXFileReference; lastKnownFileType = sourcecode.swift; path = ViewController.swift; sourceTree = "<group>"; };
		61B985C11E72C7BB006032CE /* Base */ = {isa = PBXFileReference; lastKnownFileType = file.storyboard; name = Base; path = Base.lproj/Main.storyboard; sourceTree = "<group>"; };
		61B985C31E72C7BB006032CE /* Assets.xcassets */ = {isa = PBXFileReference; lastKnownFileType = folder.assetcatalog; path = Assets.xcassets; sourceTree = "<group>"; };
		61B985C61E72C7BB006032CE /* Base */ = {isa = PBXFileReference; lastKnownFileType = file.storyboard; name = Base; path = Base.lproj/LaunchScreen.storyboard; sourceTree = "<group>"; };
		61B985C81E72C7BB006032CE /* Info.plist */ = {isa = PBXFileReference; lastKnownFileType = text.plist.xml; path = Info.plist; sourceTree = "<group>"; };
		61B985CD1E72C7BB006032CE /* ProteamTests.xctest */ = {isa = PBXFileReference; explicitFileType = wrapper.cfbundle; includeInIndex = 0; path = ProteamTests.xctest; sourceTree = BUILT_PRODUCTS_DIR; };
		61B985D11E72C7BB006032CE /* ProteamTests.swift */ = {isa = PBXFileReference; lastKnownFileType = sourcecode.swift; path = ProteamTests.swift; sourceTree = "<group>"; };
		61B985D31E72C7BB006032CE /* Info.plist */ = {isa = PBXFileReference; lastKnownFileType = text.plist.xml; path = Info.plist; sourceTree = "<group>"; };
		61B985D81E72C7BB006032CE /* ProteamUITests.xctest */ = {isa = PBXFileReference; explicitFileType = wrapper.cfbundle; includeInIndex = 0; path = ProteamUITests.xctest; sourceTree = BUILT_PRODUCTS_DIR; };
		61B985DC1E72C7BB006032CE /* ProteamUITests.swift */ = {isa = PBXFileReference; lastKnownFileType = sourcecode.swift; path = ProteamUITests.swift; sourceTree = "<group>"; };
		61B985DE1E72C7BB006032CE /* Info.plist */ = {isa = PBXFileReference; lastKnownFileType = text.plist.xml; path = Info.plist; sourceTree = "<group>"; };
		628DA5DA6D6C4483FFC07E48 /* Pods-ProteamUITests.release.xcconfig */ = {isa = PBXFileReference; includeInIndex = 1; lastKnownFileType = text.xcconfig; name = "Pods-ProteamUITests.release.xcconfig"; path = "Pods/Target Support Files/Pods-ProteamUITests/Pods-ProteamUITests.release.xcconfig"; sourceTree = "<group>"; };
		92BE83124A877CA961DBCBB5 /* Pods-Proteam.release.xcconfig */ = {isa = PBXFileReference; includeInIndex = 1; lastKnownFileType = text.xcconfig; name = "Pods-Proteam.release.xcconfig"; path = "Pods/Target Support Files/Pods-Proteam/Pods-Proteam.release.xcconfig"; sourceTree = "<group>"; };
		94C1FBC498F013B96FC5C20F /* Pods_ProteamTests.framework */ = {isa = PBXFileReference; explicitFileType = wrapper.framework; includeInIndex = 0; path = Pods_ProteamTests.framework; sourceTree = BUILT_PRODUCTS_DIR; };
		B34FAC2C96B5A68B7E863699 /* Pods-ProteamUITests.debug.xcconfig */ = {isa = PBXFileReference; includeInIndex = 1; lastKnownFileType = text.xcconfig; name = "Pods-ProteamUITests.debug.xcconfig"; path = "Pods/Target Support Files/Pods-ProteamUITests/Pods-ProteamUITests.debug.xcconfig"; sourceTree = "<group>"; };
		B7D5735A9B8E51EE4FB02865 /* Pods-ProteamTests.release.xcconfig */ = {isa = PBXFileReference; includeInIndex = 1; lastKnownFileType = text.xcconfig; name = "Pods-ProteamTests.release.xcconfig"; path = "Pods/Target Support Files/Pods-ProteamTests/Pods-ProteamTests.release.xcconfig"; sourceTree = "<group>"; };
		BAE3424B8FD25EA8C56AE992 /* Pods_ProteamUITests.framework */ = {isa = PBXFileReference; explicitFileType = wrapper.framework; includeInIndex = 0; path = Pods_ProteamUITests.framework; sourceTree = BUILT_PRODUCTS_DIR; };
		F37B341A26564EC01325E188 /* Pods-ProteamTests.debug.xcconfig */ = {isa = PBXFileReference; includeInIndex = 1; lastKnownFileType = text.xcconfig; name = "Pods-ProteamTests.debug.xcconfig"; path = "Pods/Target Support Files/Pods-ProteamTests/Pods-ProteamTests.debug.xcconfig"; sourceTree = "<group>"; };
		FE124D06CF5247F47773FA08 /* Pods-Proteam.debug.xcconfig */ = {isa = PBXFileReference; includeInIndex = 1; lastKnownFileType = text.xcconfig; name = "Pods-Proteam.debug.xcconfig"; path = "Pods/Target Support Files/Pods-Proteam/Pods-Proteam.debug.xcconfig"; sourceTree = "<group>"; };
/* End PBXFileReference section */

/* Begin PBXFrameworksBuildPhase section */
		61B985B61E72C7BB006032CE /* Frameworks */ = {
			isa = PBXFrameworksBuildPhase;
			buildActionMask = 2147483647;
			files = (
				82C76C1CB09C66FCECF5BEBA /* Pods_Proteam.framework in Frameworks */,
			);
			runOnlyForDeploymentPostprocessing = 0;
		};
		61B985CA1E72C7BB006032CE /* Frameworks */ = {
			isa = PBXFrameworksBuildPhase;
			buildActionMask = 2147483647;
			files = (
				1DF2EC41F6505AE2AD51FBE5 /* Pods_ProteamTests.framework in Frameworks */,
			);
			runOnlyForDeploymentPostprocessing = 0;
		};
		61B985D51E72C7BB006032CE /* Frameworks */ = {
			isa = PBXFrameworksBuildPhase;
			buildActionMask = 2147483647;
			files = (
				05791547AECA229FAB83AD4F /* Pods_ProteamUITests.framework in Frameworks */,
			);
			runOnlyForDeploymentPostprocessing = 0;
		};
/* End PBXFrameworksBuildPhase section */

/* Begin PBXGroup section */
		61B985B01E72C7BB006032CE = {
			isa = PBXGroup;
			children = (
				61B985BB1E72C7BB006032CE /* Proteam */,
				61B985D01E72C7BB006032CE /* ProteamTests */,
				61B985DB1E72C7BB006032CE /* ProteamUITests */,
				61B985BA1E72C7BB006032CE /* Products */,
				CB1669FAC7A17792FEEC63D6 /* Pods */,
				E3A64B6B76FA1062E50DEDDD /* Frameworks */,
			);
			sourceTree = "<group>";
		};
		61B985BA1E72C7BB006032CE /* Products */ = {
			isa = PBXGroup;
			children = (
				61B985B91E72C7BB006032CE /* Proteam.app */,
				61B985CD1E72C7BB006032CE /* ProteamTests.xctest */,
				61B985D81E72C7BB006032CE /* ProteamUITests.xctest */,
			);
			name = Products;
			sourceTree = "<group>";
		};
		61B985BB1E72C7BB006032CE /* Proteam */ = {
			isa = PBXGroup;
			children = (
				61B985BC1E72C7BB006032CE /* AppDelegate.swift */,
				61B985BE1E72C7BB006032CE /* ViewController.swift */,
				61B985C01E72C7BB006032CE /* Main.storyboard */,
				61B985C31E72C7BB006032CE /* Assets.xcassets */,
				61B985C51E72C7BB006032CE /* LaunchScreen.storyboard */,
				61B985C81E72C7BB006032CE /* Info.plist */,
			);
			path = Proteam;
			sourceTree = "<group>";
		};
		61B985D01E72C7BB006032CE /* ProteamTests */ = {
			isa = PBXGroup;
			children = (
				61B985D11E72C7BB006032CE /* ProteamTests.swift */,
				61B985D31E72C7BB006032CE /* Info.plist */,
			);
			path = ProteamTests;
			sourceTree = "<group>";
		};
		61B985DB1E72C7BB006032CE /* ProteamUITests */ = {
			isa = PBXGroup;
			children = (
				61B985DC1E72C7BB006032CE /* ProteamUITests.swift */,
				61B985DE1E72C7BB006032CE /* Info.plist */,
			);
			path = ProteamUITests;
			sourceTree = "<group>";
		};
		CB1669FAC7A17792FEEC63D6 /* Pods */ = {
			isa = PBXGroup;
			children = (
				FE124D06CF5247F47773FA08 /* Pods-Proteam.debug.xcconfig */,
				92BE83124A877CA961DBCBB5 /* Pods-Proteam.release.xcconfig */,
				F37B341A26564EC01325E188 /* Pods-ProteamTests.debug.xcconfig */,
				B7D5735A9B8E51EE4FB02865 /* Pods-ProteamTests.release.xcconfig */,
				B34FAC2C96B5A68B7E863699 /* Pods-ProteamUITests.debug.xcconfig */,
				628DA5DA6D6C4483FFC07E48 /* Pods-ProteamUITests.release.xcconfig */,
			);
			name = Pods;
			sourceTree = "<group>";
		};
		E3A64B6B76FA1062E50DEDDD /* Frameworks */ = {
			isa = PBXGroup;
			children = (
				3CC28491005AB8971F0119DF /* Pods_Proteam.framework */,
				94C1FBC498F013B96FC5C20F /* Pods_ProteamTests.framework */,
				BAE3424B8FD25EA8C56AE992 /* Pods_ProteamUITests.framework */,
			);
			name = Frameworks;
			sourceTree = "<group>";
		};
/* End PBXGroup section */

/* Begin PBXNativeTarget section */
		61B985B81E72C7BB006032CE /* Proteam */ = {
			isa = PBXNativeTarget;
			buildConfigurationList = 61B985E11E72C7BB006032CE /* Build configuration list for PBXNativeTarget "Proteam" */;
			buildPhases = (
				A697D7B10E6140E512D15407 /* [CP] Check Pods Manifest.lock */,
				61B985B51E72C7BB006032CE /* Sources */,
				61B985B61E72C7BB006032CE /* Frameworks */,
				61B985B71E72C7BB006032CE /* Resources */,
				ED726F64FFDF033FBC6D3258 /* [CP] Embed Pods Frameworks */,
				A560EACE551309F66BEAAF49 /* [CP] Copy Pods Resources */,
			);
			buildRules = (
			);
			dependencies = (
			);
			name = Proteam;
			productName = Proteam;
			productReference = 61B985B91E72C7BB006032CE /* Proteam.app */;
			productType = "com.apple.product-type.application";
		};
		61B985CC1E72C7BB006032CE /* ProteamTests */ = {
			isa = PBXNativeTarget;
			buildConfigurationList = 61B985E41E72C7BB006032CE /* Build configuration list for PBXNativeTarget "ProteamTests" */;
			buildPhases = (
				0C3E029ED3E47D138ED551D5 /* [CP] Check Pods Manifest.lock */,
				61B985C91E72C7BB006032CE /* Sources */,
				61B985CA1E72C7BB006032CE /* Frameworks */,
				61B985CB1E72C7BB006032CE /* Resources */,
				7ED1CF8C1B713B7802880A42 /* [CP] Embed Pods Frameworks */,
				7A748981422CF5FCEE42D671 /* [CP] Copy Pods Resources */,
			);
			buildRules = (
			);
			dependencies = (
				61B985CF1E72C7BB006032CE /* PBXTargetDependency */,
			);
			name = ProteamTests;
			productName = ProteamTests;
			productReference = 61B985CD1E72C7BB006032CE /* ProteamTests.xctest */;
			productType = "com.apple.product-type.bundle.unit-test";
		};
		61B985D71E72C7BB006032CE /* ProteamUITests */ = {
			isa = PBXNativeTarget;
			buildConfigurationList = 61B985E71E72C7BB006032CE /* Build configuration list for PBXNativeTarget "ProteamUITests" */;
			buildPhases = (
				024429360F8A6C6ACB248F14 /* [CP] Check Pods Manifest.lock */,
				61B985D41E72C7BB006032CE /* Sources */,
				61B985D51E72C7BB006032CE /* Frameworks */,
				61B985D61E72C7BB006032CE /* Resources */,
				A59744E2ABCD57C338CFFE24 /* [CP] Embed Pods Frameworks */,
				ACD79AAC9C6E6D4899DAB227 /* [CP] Copy Pods Resources */,
			);
			buildRules = (
			);
			dependencies = (
				61B985DA1E72C7BB006032CE /* PBXTargetDependency */,
			);
			name = ProteamUITests;
			productName = ProteamUITests;
			productReference = 61B985D81E72C7BB006032CE /* ProteamUITests.xctest */;
			productType = "com.apple.product-type.bundle.ui-testing";
		};
/* End PBXNativeTarget section */

/* Begin PBXProject section */
		61B985B11E72C7BB006032CE /* Project object */ = {
			isa = PBXProject;
			attributes = {
				LastSwiftUpdateCheck = 0820;
				LastUpgradeCheck = 0820;
				ORGANIZATIONNAME = IchIT;
				TargetAttributes = {
					61B985B81E72C7BB006032CE = {
						CreatedOnToolsVersion = 8.2.1;
						DevelopmentTeam = 9K25G2ZLRD;
						ProvisioningStyle = Automatic;
					};
					61B985CC1E72C7BB006032CE = {
						CreatedOnToolsVersion = 8.2.1;
						DevelopmentTeam = 9K25G2ZLRD;
						ProvisioningStyle = Automatic;
						TestTargetID = 61B985B81E72C7BB006032CE;
					};
					61B985D71E72C7BB006032CE = {
						CreatedOnToolsVersion = 8.2.1;
						DevelopmentTeam = 9K25G2ZLRD;
						ProvisioningStyle = Automatic;
						TestTargetID = 61B985B81E72C7BB006032CE;
					};
				};
			};
			buildConfigurationList = 61B985B41E72C7BB006032CE /* Build configuration list for PBXProject "Proteam" */;
			compatibilityVersion = "Xcode 3.2";
			developmentRegion = English;
			hasScannedForEncodings = 0;
			knownRegions = (
				en,
				Base,
			);
			mainGroup = 61B985B01E72C7BB006032CE;
			productRefGroup = 61B985BA1E72C7BB006032CE /* Products */;
			projectDirPath = "";
			projectRoot = "";
			targets = (
				61B985B81E72C7BB006032CE /* Proteam */,
				61B985CC1E72C7BB006032CE /* ProteamTests */,
				61B985D71E72C7BB006032CE /* ProteamUITests */,
			);
		};
/* End PBXProject section */

/* Begin PBXResourcesBuildPhase section */
		61B985B71E72C7BB006032CE /* Resources */ = {
			isa = PBXResourcesBuildPhase;
			buildActionMask = 2147483647;
			files = (
				61B985C71E72C7BB006032CE /* LaunchScreen.storyboard in Resources */,
				61B985C41E72C7BB006032CE /* Assets.xcassets in Resources */,
				61B985C21E72C7BB006032CE /* Main.storyboard in Resources */,
			);
			runOnlyForDeploymentPostprocessing = 0;
		};
		61B985CB1E72C7BB006032CE /* Resources */ = {
			isa = PBXResourcesBuildPhase;
			buildActionMask = 2147483647;
			files = (
			);
			runOnlyForDeploymentPostprocessing = 0;
		};
		61B985D61E72C7BB006032CE /* Resources */ = {
			isa = PBXResourcesBuildPhase;
			buildActionMask = 2147483647;
			files = (
			);
			runOnlyForDeploymentPostprocessing = 0;
		};
/* End PBXResourcesBuildPhase section */

/* Begin PBXShellScriptBuildPhase section */
		024429360F8A6C6ACB248F14 /* [CP] Check Pods Manifest.lock */ = {
			isa = PBXShellScriptBuildPhase;
			buildActionMask = 2147483647;
			files = (
			);
			inputPaths = (
			);
			name = "[CP] Check Pods Manifest.lock";
			outputPaths = (
			);
			runOnlyForDeploymentPostprocessing = 0;
			shellPath = /bin/sh;
			shellScript = "diff \"${PODS_ROOT}/../Podfile.lock\" \"${PODS_ROOT}/Manifest.lock\" > /dev/null\nif [ $? != 0 ] ; then\n    # print error to STDERR\n    echo \"error: The sandbox is not in sync with the Podfile.lock. Run 'pod install' or update your CocoaPods installation.\" >&2\n    exit 1\nfi\n";
			showEnvVarsInLog = 0;
		};
		0C3E029ED3E47D138ED551D5 /* [CP] Check Pods Manifest.lock */ = {
			isa = PBXShellScriptBuildPhase;
			buildActionMask = 2147483647;
			files = (
			);
			inputPaths = (
			);
			name = "[CP] Check Pods Manifest.lock";
			outputPaths = (
			);
			runOnlyForDeploymentPostprocessing = 0;
			shellPath = /bin/sh;
			shellScript = "diff \"${PODS_ROOT}/../Podfile.lock\" \"${PODS_ROOT}/Manifest.lock\" > /dev/null\nif [ $? != 0 ] ; then\n    # print error to STDERR\n    echo \"error: The sandbox is not in sync with the Podfile.lock. Run 'pod install' or update your CocoaPods installation.\" >&2\n    exit 1\nfi\n";
			showEnvVarsInLog = 0;
		};
		7A748981422CF5FCEE42D671 /* [CP] Copy Pods Resources */ = {
			isa = PBXShellScriptBuildPhase;
			buildActionMask = 2147483647;
			files = (
			);
			inputPaths = (
			);
			name = "[CP] Copy Pods Resources";
			outputPaths = (
			);
			runOnlyForDeploymentPostprocessing = 0;
			shellPath = /bin/sh;
			shellScript = "\"${SRCROOT}/Pods/Target Support Files/Pods-ProteamTests/Pods-ProteamTests-resources.sh\"\n";
			showEnvVarsInLog = 0;
		};
		7ED1CF8C1B713B7802880A42 /* [CP] Embed Pods Frameworks */ = {
			isa = PBXShellScriptBuildPhase;
			buildActionMask = 2147483647;
			files = (
			);
			inputPaths = (
			);
			name = "[CP] Embed Pods Frameworks";
			outputPaths = (
			);
			runOnlyForDeploymentPostprocessing = 0;
			shellPath = /bin/sh;
			shellScript = "\"${SRCROOT}/Pods/Target Support Files/Pods-ProteamTests/Pods-ProteamTests-frameworks.sh\"\n";
			showEnvVarsInLog = 0;
		};
		A560EACE551309F66BEAAF49 /* [CP] Copy Pods Resources */ = {
			isa = PBXShellScriptBuildPhase;
			buildActionMask = 2147483647;
			files = (
			);
			inputPaths = (
			);
			name = "[CP] Copy Pods Resources";
			outputPaths = (
			);
			runOnlyForDeploymentPostprocessing = 0;
			shellPath = /bin/sh;
			shellScript = "\"${SRCROOT}/Pods/Target Support Files/Pods-Proteam/Pods-Proteam-resources.sh\"\n";
			showEnvVarsInLog = 0;
		};
		A59744E2ABCD57C338CFFE24 /* [CP] Embed Pods Frameworks */ = {
			isa = PBXShellScriptBuildPhase;
			buildActionMask = 2147483647;
			files = (
			);
			inputPaths = (
			);
			name = "[CP] Embed Pods Frameworks";
			outputPaths = (
			);
			runOnlyForDeploymentPostprocessing = 0;
			shellPath = /bin/sh;
			shellScript = "\"${SRCROOT}/Pods/Target Support Files/Pods-ProteamUITests/Pods-ProteamUITests-frameworks.sh\"\n";
			showEnvVarsInLog = 0;
		};
		A697D7B10E6140E512D15407 /* [CP] Check Pods Manifest.lock */ = {
			isa = PBXShellScriptBuildPhase;
			buildActionMask = 2147483647;
			files = (
			);
			inputPaths = (
			);
			name = "[CP] Check Pods Manifest.lock";
			outputPaths = (
			);
			runOnlyForDeploymentPostprocessing = 0;
			shellPath = /bin/sh;
			shellScript = "diff \"${PODS_ROOT}/../Podfile.lock\" \"${PODS_ROOT}/Manifest.lock\" > /dev/null\nif [ $? != 0 ] ; then\n    # print error to STDERR\n    echo \"error: The sandbox is not in sync with the Podfile.lock. Run 'pod install' or update your CocoaPods installation.\" >&2\n    exit 1\nfi\n";
			showEnvVarsInLog = 0;
		};
		ACD79AAC9C6E6D4899DAB227 /* [CP] Copy Pods Resources */ = {
			isa = PBXShellScriptBuildPhase;
			buildActionMask = 2147483647;
			files = (
			);
			inputPaths = (
			);
			name = "[CP] Copy Pods Resources";
			outputPaths = (
			);
			runOnlyForDeploymentPostprocessing = 0;
			shellPath = /bin/sh;
			shellScript = "\"${SRCROOT}/Pods/Target Support Files/Pods-ProteamUITests/Pods-ProteamUITests-resources.sh\"\n";
			showEnvVarsInLog = 0;
		};
		ED726F64FFDF033FBC6D3258 /* [CP] Embed Pods Frameworks */ = {
			isa = PBXShellScriptBuildPhase;
			buildActionMask = 2147483647;
			files = (
			);
			inputPaths = (
			);
			name = "[CP] Embed Pods Frameworks";
			outputPaths = (
			);
			runOnlyForDeploymentPostprocessing = 0;
			shellPath = /bin/sh;
			shellScript = "\"${SRCROOT}/Pods/Target Support Files/Pods-Proteam/Pods-Proteam-frameworks.sh\"\n";
			showEnvVarsInLog = 0;
		};
/* End PBXShellScriptBuildPhase section */

/* Begin PBXSourcesBuildPhase section */
		61B985B51E72C7BB006032CE /* Sources */ = {
			isa = PBXSourcesBuildPhase;
			buildActionMask = 2147483647;
			files = (
				61B985BF1E72C7BB006032CE /* ViewController.swift in Sources */,
				61B985BD1E72C7BB006032CE /* AppDelegate.swift in Sources */,
			);
			runOnlyForDeploymentPostprocessing = 0;
		};
		61B985C91E72C7BB006032CE /* Sources */ = {
			isa = PBXSourcesBuildPhase;
			buildActionMask = 2147483647;
			files = (
				61B985D21E72C7BB006032CE /* ProteamTests.swift in Sources */,
			);
			runOnlyForDeploymentPostprocessing = 0;
		};
		61B985D41E72C7BB006032CE /* Sources */ = {
			isa = PBXSourcesBuildPhase;
			buildActionMask = 2147483647;
			files = (
				61B985DD1E72C7BB006032CE /* ProteamUITests.swift in Sources */,
			);
			runOnlyForDeploymentPostprocessing = 0;
		};
/* End PBXSourcesBuildPhase section */

/* Begin PBXTargetDependency section */
		61B985CF1E72C7BB006032CE /* PBXTargetDependency */ = {
			isa = PBXTargetDependency;
			target = 61B985B81E72C7BB006032CE /* Proteam */;
			targetProxy = 61B985CE1E72C7BB006032CE /* PBXContainerItemProxy */;
		};
		61B985DA1E72C7BB006032CE /* PBXTargetDependency */ = {
			isa = PBXTargetDependency;
			target = 61B985B81E72C7BB006032CE /* Proteam */;
			targetProxy = 61B985D91E72C7BB006032CE /* PBXContainerItemProxy */;
		};
/* End PBXTargetDependency section */

/* Begin PBXVariantGroup section */
		61B985C01E72C7BB006032CE /* Main.storyboard */ = {
			isa = PBXVariantGroup;
			children = (
				61B985C11E72C7BB006032CE /* Base */,
			);
			name = Main.storyboard;
			sourceTree = "<group>";
		};
		61B985C51E72C7BB006032CE /* LaunchScreen.storyboard */ = {
			isa = PBXVariantGroup;
			children = (
				61B985C61E72C7BB006032CE /* Base */,
			);
			name = LaunchScreen.storyboard;
			sourceTree = "<group>";
		};
/* End PBXVariantGroup section */

/* Begin XCBuildConfiguration section */
		61B985DF1E72C7BB006032CE /* Debug */ = {
			isa = XCBuildConfiguration;
			buildSettings = {
				ALWAYS_SEARCH_USER_PATHS = NO;
				CLANG_ANALYZER_NONNULL = YES;
				CLANG_CXX_LANGUAGE_STANDARD = "gnu++0x";
				CLANG_CXX_LIBRARY = "libc++";
				CLANG_ENABLE_MODULES = YES;
				CLANG_ENABLE_OBJC_ARC = YES;
				CLANG_WARN_BOOL_CONVERSION = YES;
				CLANG_WARN_CONSTANT_CONVERSION = YES;
				CLANG_WARN_DIRECT_OBJC_ISA_USAGE = YES_ERROR;
				CLANG_WARN_DOCUMENTATION_COMMENTS = YES;
				CLANG_WARN_EMPTY_BODY = YES;
				CLANG_WARN_ENUM_CONVERSION = YES;
				CLANG_WARN_INFINITE_RECURSION = YES;
				CLANG_WARN_INT_CONVERSION = YES;
				CLANG_WARN_OBJC_ROOT_CLASS = YES_ERROR;
				CLANG_WARN_SUSPICIOUS_MOVE = YES;
				CLANG_WARN_UNREACHABLE_CODE = YES;
				CLANG_WARN__DUPLICATE_METHOD_MATCH = YES;
				"CODE_SIGN_IDENTITY[sdk=iphoneos*]" = "iPhone Developer";
				COPY_PHASE_STRIP = NO;
				DEBUG_INFORMATION_FORMAT = dwarf;
				ENABLE_STRICT_OBJC_MSGSEND = YES;
				ENABLE_TESTABILITY = YES;
				GCC_C_LANGUAGE_STANDARD = gnu99;
				GCC_DYNAMIC_NO_PIC = NO;
				GCC_NO_COMMON_BLOCKS = YES;
				GCC_OPTIMIZATION_LEVEL = 0;
				GCC_PREPROCESSOR_DEFINITIONS = (
					"DEBUG=1",
					"$(inherited)",
				);
				GCC_WARN_64_TO_32_BIT_CONVERSION = YES;
				GCC_WARN_ABOUT_RETURN_TYPE = YES_ERROR;
				GCC_WARN_UNDECLARED_SELECTOR = YES;
				GCC_WARN_UNINITIALIZED_AUTOS = YES_AGGRESSIVE;
				GCC_WARN_UNUSED_FUNCTION = YES;
				GCC_WARN_UNUSED_VARIABLE = YES;
				IPHONEOS_DEPLOYMENT_TARGET = 10.2;
				MTL_ENABLE_DEBUG_INFO = YES;
				ONLY_ACTIVE_ARCH = YES;
				SDKROOT = iphoneos;
				SWIFT_ACTIVE_COMPILATION_CONDITIONS = DEBUG;
				SWIFT_OPTIMIZATION_LEVEL = "-Onone";
			};
			name = Debug;
		};
		61B985E01E72C7BB006032CE /* Release */ = {
			isa = XCBuildConfiguration;
			buildSettings = {
				ALWAYS_SEARCH_USER_PATHS = NO;
				CLANG_ANALYZER_NONNULL = YES;
				CLANG_CXX_LANGUAGE_STANDARD = "gnu++0x";
				CLANG_CXX_LIBRARY = "libc++";
				CLANG_ENABLE_MODULES = YES;
				CLANG_ENABLE_OBJC_ARC = YES;
				CLANG_WARN_BOOL_CONVERSION = YES;
				CLANG_WARN_CONSTANT_CONVERSION = YES;
				CLANG_WARN_DIRECT_OBJC_ISA_USAGE = YES_ERROR;
				CLANG_WARN_DOCUMENTATION_COMMENTS = YES;
				CLANG_WARN_EMPTY_BODY = YES;
				CLANG_WARN_ENUM_CONVERSION = YES;
				CLANG_WARN_INFINITE_RECURSION = YES;
				CLANG_WARN_INT_CONVERSION = YES;
				CLANG_WARN_OBJC_ROOT_CLASS = YES_ERROR;
				CLANG_WARN_SUSPICIOUS_MOVE = YES;
				CLANG_WARN_UNREACHABLE_CODE = YES;
				CLANG_WARN__DUPLICATE_METHOD_MATCH = YES;
				"CODE_SIGN_IDENTITY[sdk=iphoneos*]" = "iPhone Developer";
				COPY_PHASE_STRIP = NO;
				DEBUG_INFORMATION_FORMAT = "dwarf-with-dsym";
				ENABLE_NS_ASSERTIONS = NO;
				ENABLE_STRICT_OBJC_MSGSEND = YES;
				GCC_C_LANGUAGE_STANDARD = gnu99;
				GCC_NO_COMMON_BLOCKS = YES;
				GCC_WARN_64_TO_32_BIT_CONVERSION = YES;
				GCC_WARN_ABOUT_RETURN_TYPE = YES_ERROR;
				GCC_WARN_UNDECLARED_SELECTOR = YES;
				GCC_WARN_UNINITIALIZED_AUTOS = YES_AGGRESSIVE;
				GCC_WARN_UNUSED_FUNCTION = YES;
				GCC_WARN_UNUSED_VARIABLE = YES;
				IPHONEOS_DEPLOYMENT_TARGET = 10.2;
				MTL_ENABLE_DEBUG_INFO = NO;
				SDKROOT = iphoneos;
				SWIFT_OPTIMIZATION_LEVEL = "-Owholemodule";
				VALIDATE_PRODUCT = YES;
			};
			name = Release;
		};
		61B985E21E72C7BB006032CE /* Debug */ = {
			isa = XCBuildConfiguration;
			baseConfigurationReference = FE124D06CF5247F47773FA08 /* Pods-Proteam.debug.xcconfig */;
			buildSettings = {
				ASSETCATALOG_COMPILER_APPICON_NAME = AppIcon;
				DEVELOPMENT_TEAM = 9K25G2ZLRD;
				INFOPLIST_FILE = Proteam/Info.plist;
				LD_RUNPATH_SEARCH_PATHS = "$(inherited) @executable_path/Frameworks";
				PRODUCT_BUNDLE_IDENTIFIER = ProTeam.Proteam;
				PRODUCT_NAME = "$(TARGET_NAME)";
				SWIFT_VERSION = 3.0;
			};
			name = Debug;
		};
		61B985E31E72C7BB006032CE /* Release */ = {
			isa = XCBuildConfiguration;
			baseConfigurationReference = 92BE83124A877CA961DBCBB5 /* Pods-Proteam.release.xcconfig */;
			buildSettings = {
				ASSETCATALOG_COMPILER_APPICON_NAME = AppIcon;
				DEVELOPMENT_TEAM = 9K25G2ZLRD;
				INFOPLIST_FILE = Proteam/Info.plist;
				LD_RUNPATH_SEARCH_PATHS = "$(inherited) @executable_path/Frameworks";
				PRODUCT_BUNDLE_IDENTIFIER = ProTeam.Proteam;
				PRODUCT_NAME = "$(TARGET_NAME)";
				SWIFT_VERSION = 3.0;
			};
			name = Release;
		};
		61B985E51E72C7BB006032CE /* Debug */ = {
			isa = XCBuildConfiguration;
			baseConfigurationReference = F37B341A26564EC01325E188 /* Pods-ProteamTests.debug.xcconfig */;
			buildSettings = {
				ALWAYS_EMBED_SWIFT_STANDARD_LIBRARIES = YES;
				BUNDLE_LOADER = "$(TEST_HOST)";
				DEVELOPMENT_TEAM = 9K25G2ZLRD;
				INFOPLIST_FILE = ProteamTests/Info.plist;
				LD_RUNPATH_SEARCH_PATHS = "$(inherited) @executable_path/Frameworks @loader_path/Frameworks";
				PRODUCT_BUNDLE_IDENTIFIER = ProTeam.ProteamTests;
				PRODUCT_NAME = "$(TARGET_NAME)";
				SWIFT_VERSION = 3.0;
				TEST_HOST = "$(BUILT_PRODUCTS_DIR)/Proteam.app/Proteam";
			};
			name = Debug;
		};
		61B985E61E72C7BB006032CE /* Release */ = {
			isa = XCBuildConfiguration;
			baseConfigurationReference = B7D5735A9B8E51EE4FB02865 /* Pods-ProteamTests.release.xcconfig */;
			buildSettings = {
				ALWAYS_EMBED_SWIFT_STANDARD_LIBRARIES = YES;
				BUNDLE_LOADER = "$(TEST_HOST)";
				DEVELOPMENT_TEAM = 9K25G2ZLRD;
				INFOPLIST_FILE = ProteamTests/Info.plist;
				LD_RUNPATH_SEARCH_PATHS = "$(inherited) @executable_path/Frameworks @loader_path/Frameworks";
				PRODUCT_BUNDLE_IDENTIFIER = ProTeam.ProteamTests;
				PRODUCT_NAME = "$(TARGET_NAME)";
				SWIFT_VERSION = 3.0;
				TEST_HOST = "$(BUILT_PRODUCTS_DIR)/Proteam.app/Proteam";
			};
			name = Release;
		};
		61B985E81E72C7BB006032CE /* Debug */ = {
			isa = XCBuildConfiguration;
			baseConfigurationReference = B34FAC2C96B5A68B7E863699 /* Pods-ProteamUITests.debug.xcconfig */;
			buildSettings = {
				ALWAYS_EMBED_SWIFT_STANDARD_LIBRARIES = YES;
				DEVELOPMENT_TEAM = 9K25G2ZLRD;
				INFOPLIST_FILE = ProteamUITests/Info.plist;
				LD_RUNPATH_SEARCH_PATHS = "$(inherited) @executable_path/Frameworks @loader_path/Frameworks";
				PRODUCT_BUNDLE_IDENTIFIER = ProTeam.ProteamUITests;
				PRODUCT_NAME = "$(TARGET_NAME)";
				SWIFT_VERSION = 3.0;
				TEST_TARGET_NAME = Proteam;
			};
			name = Debug;
		};
		61B985E91E72C7BB006032CE /* Release */ = {
			isa = XCBuildConfiguration;
			baseConfigurationReference = 628DA5DA6D6C4483FFC07E48 /* Pods-ProteamUITests.release.xcconfig */;
			buildSettings = {
				ALWAYS_EMBED_SWIFT_STANDARD_LIBRARIES = YES;
				DEVELOPMENT_TEAM = 9K25G2ZLRD;
				INFOPLIST_FILE = ProteamUITests/Info.plist;
				LD_RUNPATH_SEARCH_PATHS = "$(inherited) @executable_path/Frameworks @loader_path/Frameworks";
				PRODUCT_BUNDLE_IDENTIFIER = ProTeam.ProteamUITests;
				PRODUCT_NAME = "$(TARGET_NAME)";
				SWIFT_VERSION = 3.0;
				TEST_TARGET_NAME = Proteam;
			};
			name = Release;
		};
/* End XCBuildConfiguration section */

/* Begin XCConfigurationList section */
		61B985B41E72C7BB006032CE /* Build configuration list for PBXProject "Proteam" */ = {
			isa = XCConfigurationList;
			buildConfigurations = (
				61B985DF1E72C7BB006032CE /* Debug */,
				61B985E01E72C7BB006032CE /* Release */,
			);
			defaultConfigurationIsVisible = 0;
			defaultConfigurationName = Release;
		};
		61B985E11E72C7BB006032CE /* Build configuration list for PBXNativeTarget "Proteam" */ = {
			isa = XCConfigurationList;
			buildConfigurations = (
				61B985E21E72C7BB006032CE /* Debug */,
				61B985E31E72C7BB006032CE /* Release */,
			);
			defaultConfigurationIsVisible = 0;
		};
		61B985E41E72C7BB006032CE /* Build configuration list for PBXNativeTarget "ProteamTests" */ = {
			isa = XCConfigurationList;
			buildConfigurations = (
				61B985E51E72C7BB006032CE /* Debug */,
				61B985E61E72C7BB006032CE /* Release */,
			);
			defaultConfigurationIsVisible = 0;
		};
		61B985E71E72C7BB006032CE /* Build configuration list for PBXNativeTarget "ProteamUITests" */ = {
			isa = XCConfigurationList;
			buildConfigurations = (
				61B985E81E72C7BB006032CE /* Debug */,
				61B985E91E72C7BB006032CE /* Release */,
			);
			defaultConfigurationIsVisible = 0;
		};
/* End XCConfigurationList section */
	};
	rootObject = 61B985B11E72C7BB006032CE /* Project object */;
}
